
Microsoft Visual Studio Solution File, Format Version 12.00
# Visual Studio Version 17
VisualStudioVersion = 17.10.35004.147
MinimumVisualStudioVersion = 10.0.40219.1
Project("{FAE04EC0-301F-11D3-BF4B-00C04F79EFBC}") = "PharmaceuticalManagement_NgoXuanSon", "PharmaceuticalManagement_NgoXuanSon\PharmaceuticalManagement_NgoXuanSon.csproj", "{22E0941C-E53E-48DD-8574-B3275B6ADC91}"
EndProject
Project("{FAE04EC0-301F-11D3-BF4B-00C04F79EFBC}") = "Repos", "Repos\Repos.csproj", "{871ACEA0-7422-43B3-8E22-ACAC17E64687}"
EndProject
Project("{FAE04EC0-301F-11D3-BF4B-00C04F79EFBC}") = "DAOs", "DAOs\DAOs.csproj", "{DDB79A6E-D995-48A9-AADE-B2A37899CE7A}"
EndProject
Project("{FAE04EC0-301F-11D3-BF4B-00C04F79EFBC}") = "BOs", "BOs\BOs.csproj", "{EF1C2FE3-B31B-4B5A-AC1A-D93C600E6828}"
EndProject
Global
	GlobalSection(SolutionConfigurationPlatforms) = preSolution
		Debug|Any CPU = Debug|Any CPU
		Release|Any CPU = Release|Any CPU
	EndGlobalSection
	GlobalSection(ProjectConfigurationPlatforms) = postSolution
		{22E0941C-E53E-48DD-8574-B3275B6ADC91}.Debug|Any CPU.ActiveCfg = Debug|Any CPU
		{22E0941C-E53E-48DD-8574-B3275B6ADC91}.Debug|Any CPU.Build.0 = Debug|Any CPU
		{22E0941C-E53E-48DD-8574-B3275B6ADC91}.Release|Any CPU.ActiveCfg = Release|Any CPU
		{22E0941C-E53E-48DD-8574-B3275B6ADC91}.Release|Any CPU.Build.0 = Release|Any CPU
		{871ACEA0-7422-43B3-8E22-ACAC17E64687}.Debug|Any CPU.ActiveCfg = Debug|Any CPU
		{871ACEA0-7422-43B3-8E22-ACAC17E64687}.Debug|Any CPU.Build.0 = Debug|Any CPU
		{871ACEA0-7422-43B3-8E22-ACAC17E64687}.Release|Any CPU.ActiveCfg = Release|Any CPU
		{871ACEA0-7422-43B3-8E22-ACAC17E64687}.Release|Any CPU.Build.0 = Release|Any CPU
		{DDB79A6E-D995-48A9-AADE-B2A37899CE7A}.Debug|Any CPU.ActiveCfg = Debug|Any CPU
		{DDB79A6E-D995-48A9-AADE-B2A37899CE7A}.Debug|Any CPU.Build.0 = Debug|Any CPU
		{DDB79A6E-D995-48A9-AADE-B2A37899CE7A}.Release|Any CPU.ActiveCfg = Release|Any CPU
		{DDB79A6E-D995-48A9-AADE-B2A37899CE7A}.Release|Any CPU.Build.0 = Release|Any CPU
		{EF1C2FE3-B31B-4B5A-AC1A-D93C600E6828}.Debug|Any CPU.ActiveCfg = Debug|Any CPU
		{EF1C2FE3-B31B-4B5A-AC1A-D93C600E6828}.Debug|Any CPU.Build.0 = Debug|Any CPU
		{EF1C2FE3-B31B-4B5A-AC1A-D93C600E6828}.Release|Any CPU.ActiveCfg = Release|Any CPU
		{EF1C2FE3-B31B-4B5A-AC1A-D93C600E6828}.Release|Any CPU.Build.0 = Release|Any CPU
	EndGlobalSection
	GlobalSection(SolutionProperties) = preSolution
		HideSolutionNode = FALSE
	EndGlobalSection
	GlobalSection(ExtensibilityGlobals) = postSolution
		SolutionGuid = {C6304357-50BE-4B57-B675-F52C96CB0F3B}
	EndGlobalSection
EndGlobal
