
Microsoft Visual Studio Solution File, Format Version 12.00
# Visual Studio Version 17
VisualStudioVersion = 17.13.35818.85 d17.13
MinimumVisualStudioVersion = 10.0.40219.1
Project("{FAE04EC0-301F-11D3-BF4B-00C04F79EFBC}") = "PharmaceuticalManagement_NgoXuanSon", "PharmaceuticalManagement_NgoXuanSon\PharmaceuticalManagement_NgoXuanSon.csproj", "{54233A15-1402-4AA0-9B9B-EE4E4603D796}"
EndProject
Project("{FAE04EC0-301F-11D3-BF4B-00C04F79EFBC}") = "Repository", "Repository\Repository.csproj", "{D066F9FE-5605-4F2D-A56F-DC687452AF1B}"
EndProject
Project("{FAE04EC0-301F-11D3-BF4B-00C04F79EFBC}") = "Service", "Service\Service.csproj", "{60BA4A8D-7F71-48F7-BB64-9833E7A37CEA}"
EndProject
Global
	GlobalSection(SolutionConfigurationPlatforms) = preSolution
		Debug|Any CPU = Debug|Any CPU
		Release|Any CPU = Release|Any CPU
	EndGlobalSection
	GlobalSection(ProjectConfigurationPlatforms) = postSolution
		{54233A15-1402-4AA0-9B9B-EE4E4603D796}.Debug|Any CPU.ActiveCfg = Debug|Any CPU
		{54233A15-1402-4AA0-9B9B-EE4E4603D796}.Debug|Any CPU.Build.0 = Debug|Any CPU
		{54233A15-1402-4AA0-9B9B-EE4E4603D796}.Release|Any CPU.ActiveCfg = Release|Any CPU
		{54233A15-1402-4AA0-9B9B-EE4E4603D796}.Release|Any CPU.Build.0 = Release|Any CPU
		{D066F9FE-5605-4F2D-A56F-DC687452AF1B}.Debug|Any CPU.ActiveCfg = Debug|Any CPU
		{D066F9FE-5605-4F2D-A56F-DC687452AF1B}.Debug|Any CPU.Build.0 = Debug|Any CPU
		{D066F9FE-5605-4F2D-A56F-DC687452AF1B}.Release|Any CPU.ActiveCfg = Release|Any CPU
		{D066F9FE-5605-4F2D-A56F-DC687452AF1B}.Release|Any CPU.Build.0 = Release|Any CPU
		{60BA4A8D-7F71-48F7-BB64-9833E7A37CEA}.Debug|Any CPU.ActiveCfg = Debug|Any CPU
		{60BA4A8D-7F71-48F7-BB64-9833E7A37CEA}.Debug|Any CPU.Build.0 = Debug|Any CPU
		{60BA4A8D-7F71-48F7-BB64-9833E7A37CEA}.Release|Any CPU.ActiveCfg = Release|Any CPU
		{60BA4A8D-7F71-48F7-BB64-9833E7A37CEA}.Release|Any CPU.Build.0 = Release|Any CPU
	EndGlobalSection
	GlobalSection(SolutionProperties) = preSolution
		HideSolutionNode = FALSE
	EndGlobalSection
	GlobalSection(ExtensibilityGlobals) = postSolution
		SolutionGuid = {1ABCEA56-1C90-4FE5-9A61-2F8328CC9373}
	EndGlobalSection
EndGlobal
