
Microsoft Visual Studio Solution File, Format Version 12.00
# Visual Studio Version 17
VisualStudioVersion = 17.12.35728.132 d17.12
MinimumVisualStudioVersion = 10.0.40219.1
Project("{FAE04EC0-301F-11D3-BF4B-00C04F79EFBC}") = "PRN222.Lab1.MVC", "PRN222.Lab1.MVC\PRN222.Lab1.MVC.csproj", "{115D5DA5-340A-4EDB-99D4-EBD48B600916}"
EndProject
Project("{FAE04EC0-301F-11D3-BF4B-00C04F79EFBC}") = "PRN222.Lab1.Service", "PRN222.Lab1.Service\PRN222.Lab1.Service.csproj", "{29CB03CE-C400-44A1-BA21-F7755592B263}"
EndProject
Project("{FAE04EC0-301F-11D3-BF4B-00C04F79EFBC}") = "PRN222.Lab1.Repository", "PRN222.Lab1.Repository\PRN222.Lab1.Repository.csproj", "{8A189CAB-ACCD-426B-9CDF-3E39DFDD6FC7}"
EndProject
Global
	GlobalSection(SolutionConfigurationPlatforms) = preSolution
		Debug|Any CPU = Debug|Any CPU
		Release|Any CPU = Release|Any CPU
	EndGlobalSection
	GlobalSection(ProjectConfigurationPlatforms) = postSolution
		{115D5DA5-340A-4EDB-99D4-EBD48B600916}.Debug|Any CPU.ActiveCfg = Debug|Any CPU
		{115D5DA5-340A-4EDB-99D4-EBD48B600916}.Debug|Any CPU.Build.0 = Debug|Any CPU
		{115D5DA5-340A-4EDB-99D4-EBD48B600916}.Release|Any CPU.ActiveCfg = Release|Any CPU
		{115D5DA5-340A-4EDB-99D4-EBD48B600916}.Release|Any CPU.Build.0 = Release|Any CPU
		{29CB03CE-C400-44A1-BA21-F7755592B263}.Debug|Any CPU.ActiveCfg = Debug|Any CPU
		{29CB03CE-C400-44A1-BA21-F7755592B263}.Debug|Any CPU.Build.0 = Debug|Any CPU
		{29CB03CE-C400-44A1-BA21-F7755592B263}.Release|Any CPU.ActiveCfg = Release|Any CPU
		{29CB03CE-C400-44A1-BA21-F7755592B263}.Release|Any CPU.Build.0 = Release|Any CPU
		{8A189CAB-ACCD-426B-9CDF-3E39DFDD6FC7}.Debug|Any CPU.ActiveCfg = Debug|Any CPU
		{8A189CAB-ACCD-426B-9CDF-3E39DFDD6FC7}.Debug|Any CPU.Build.0 = Debug|Any CPU
		{8A189CAB-ACCD-426B-9CDF-3E39DFDD6FC7}.Release|Any CPU.ActiveCfg = Release|Any CPU
		{8A189CAB-ACCD-426B-9CDF-3E39DFDD6FC7}.Release|Any CPU.Build.0 = Release|Any CPU
	EndGlobalSection
	GlobalSection(SolutionProperties) = preSolution
		HideSolutionNode = FALSE
	EndGlobalSection
EndGlobal
