
Microsoft Visual Studio Solution File, Format Version 12.00
# Visual Studio Version 17
VisualStudioVersion = 17.13.35806.99 d17.13
MinimumVisualStudioVersion = 10.0.40219.1
Project("{FAE04EC0-301F-11D3-BF4B-00C04F79EFBC}") = "PRN222.LAB2.RazorPages", "PRN222.LAB2.RazorPages\PRN222.LAB2.RazorPages.csproj", "{759D205F-1E23-4C13-A0DD-94A3A7CDC660}"
EndProject
Project("{FAE04EC0-301F-11D3-BF4B-00C04F79EFBC}") = "PRN222.LAB2.Repository", "PRN222.LAB2.Repository\PRN222.LAB2.Repository.csproj", "{1C5DCBA0-7BA8-4ED7-9663-809BAC9FED6D}"
EndProject
Project("{FAE04EC0-301F-11D3-BF4B-00C04F79EFBC}") = "PRN222.LAB2.Service", "PRN222.LAB2.Service\PRN222.LAB2.Service.csproj", "{6B94199F-7BF9-420E-B73D-958936F81188}"
EndProject
Global
	GlobalSection(SolutionConfigurationPlatforms) = preSolution
		Debug|Any CPU = Debug|Any CPU
		Release|Any CPU = Release|Any CPU
	EndGlobalSection
	GlobalSection(ProjectConfigurationPlatforms) = postSolution
		{759D205F-1E23-4C13-A0DD-94A3A7CDC660}.Debug|Any CPU.ActiveCfg = Debug|Any CPU
		{759D205F-1E23-4C13-A0DD-94A3A7CDC660}.Debug|Any CPU.Build.0 = Debug|Any CPU
		{759D205F-1E23-4C13-A0DD-94A3A7CDC660}.Release|Any CPU.ActiveCfg = Release|Any CPU
		{759D205F-1E23-4C13-A0DD-94A3A7CDC660}.Release|Any CPU.Build.0 = Release|Any CPU
		{1C5DCBA0-7BA8-4ED7-9663-809BAC9FED6D}.Debug|Any CPU.ActiveCfg = Debug|Any CPU
		{1C5DCBA0-7BA8-4ED7-9663-809BAC9FED6D}.Debug|Any CPU.Build.0 = Debug|Any CPU
		{1C5DCBA0-7BA8-4ED7-9663-809BAC9FED6D}.Release|Any CPU.ActiveCfg = Release|Any CPU
		{1C5DCBA0-7BA8-4ED7-9663-809BAC9FED6D}.Release|Any CPU.Build.0 = Release|Any CPU
		{6B94199F-7BF9-420E-B73D-958936F81188}.Debug|Any CPU.ActiveCfg = Debug|Any CPU
		{6B94199F-7BF9-420E-B73D-958936F81188}.Debug|Any CPU.Build.0 = Debug|Any CPU
		{6B94199F-7BF9-420E-B73D-958936F81188}.Release|Any CPU.ActiveCfg = Release|Any CPU
		{6B94199F-7BF9-420E-B73D-958936F81188}.Release|Any CPU.Build.0 = Release|Any CPU
	EndGlobalSection
	GlobalSection(SolutionProperties) = preSolution
		HideSolutionNode = FALSE
	EndGlobalSection
	GlobalSection(ExtensibilityGlobals) = postSolution
		SolutionGuid = {C263D97E-31BC-4A5E-9926-9E4A3510B3D7}
	EndGlobalSection
EndGlobal
